
Microsoft Visual Studio Solution File, Format Version 12.00
# Visual Studio Version 16
VisualStudioVersion = 16.0.30523.141
MinimumVisualStudioVersion = 10.0.40219.1
Project("{2150E333-8FDC-42A3-9474-1A3956D46DE8}") = "Services", "Services", "{E6E3E1DC-FCD4-472C-989C-AEDE1A368AD7}"
EndProject
Project("{2150E333-8FDC-42A3-9474-1A3956D46DE8}") = "WebApps", "WebApps", "{60A339DE-3BCA-487E-8920-2A0002ECAA7A}"
EndProject
Project("{2150E333-8FDC-42A3-9474-1A3956D46DE8}") = "Cadastros", "Cadastros", "{2EFCA1F0-48B7-45F3-836C-F6AA260E666F}"
EndProject
Project("{2150E333-8FDC-42A3-9474-1A3956D46DE8}") = "Catalago", "Catalago", "{156D3DA0-982F-4EA4-A5D4-8BCDF62398D7}"
EndProject
Project("{2150E333-8FDC-42A3-9474-1A3956D46DE8}") = "Core", "Core", "{53736D4C-7978-477C-908E-51BD73A7E8CD}"
EndProject
Project("{2150E333-8FDC-42A3-9474-1A3956D46DE8}") = "Fiscal", "Fiscal", "{CFBA4855-0A2F-4B71-A8C4-236A02573AEA}"
EndProject
Project("{2150E333-8FDC-42A3-9474-1A3956D46DE8}") = "Pagamentos", "Pagamentos", "{45571192-7F8A-486F-BF91-D5BC831E9B1A}"
EndProject
Project("{2150E333-8FDC-42A3-9474-1A3956D46DE8}") = "Vendas", "Vendas", "{4374722C-0074-4FEA-AFB6-95574DFF17C2}"
EndProject
Project("{9A19103F-16F7-4668-BE54-9A1E7A4F7556}") = "NerdStore.Catalago.Domain", "src\NerdStore.Catalago.Domain\NerdStore.Catalago.Domain.csproj", "{87831B49-3D7B-4A93-8B03-F7B320FD87FC}"
EndProject
Project("{9A19103F-16F7-4668-BE54-9A1E7A4F7556}") = "NerdStore.Core", "src\NerdStore.Core\NerdStore.Core.csproj", "{5AE4D16F-9337-4081-9D1A-EF03AFEDF7E2}"
EndProject
Project("{2150E333-8FDC-42A3-9474-1A3956D46DE8}") = "Tests", "Tests", "{EA1A8FDA-0C76-490B-837C-36BE728D2CDA}"
EndProject
Project("{9A19103F-16F7-4668-BE54-9A1E7A4F7556}") = "NerdStore.Catalogo.Domain.Tests", "tests\NerdStore.Catalogo.Domain.Tests\NerdStore.Catalogo.Domain.Tests.csproj", "{1E153E30-E2E7-4AB6-8B80-57687787BD6C}"
EndProject
Project("{9A19103F-16F7-4668-BE54-9A1E7A4F7556}") = "NerdStore.Catalogo.Data", "src\NerdStore.Catalogo.Data\NerdStore.Catalogo.Data.csproj", "{03E1D507-DBB7-4914-A6C6-B6372AD472A1}"
EndProject
Project("{9A19103F-16F7-4668-BE54-9A1E7A4F7556}") = "NerdStote.Catalago.Application", "src\NerdStote.Catalago.Application\NerdStote.Catalago.Application.csproj", "{035359D5-AAD0-493C-8116-7F1BDADAAD7B}"
EndProject
Project("{9A19103F-16F7-4668-BE54-9A1E7A4F7556}") = "NerdStore.WebApp.MVC", "src\NerdStore.WebApp.MVC\NerdStore.WebApp.MVC.csproj", "{FB41E15D-AA89-424D-8720-EBC26EAA0DFD}"
EndProject
Project("{9A19103F-16F7-4668-BE54-9A1E7A4F7556}") = "NerdStore.Vendas.Domain", "src\NerdStore.Vendas.Domain\NerdStore.Vendas.Domain.csproj", "{FAAA53A4-61A4-4CD6-AB41-249D09F50695}"
EndProject
Project("{9A19103F-16F7-4668-BE54-9A1E7A4F7556}") = "NerdStore.Vendas.Application", "src\NerdStore.Vendas.Application\NerdStore.Vendas.Application.csproj", "{D18FCC9C-29E8-45A1-A4AC-FFB078FD85C3}"
EndProject
Project("{9A19103F-16F7-4668-BE54-9A1E7A4F7556}") = "NerdStore.Vendas.Data", "src\NerdStore.Vendas.Data\NerdStore.Vendas.Data.csproj", "{9D491B27-5F15-4CFE-B551-DBC0FFA2CE9F}"
EndProject
Project("{9A19103F-16F7-4668-BE54-9A1E7A4F7556}") = "NerdStore.Pagamentos.AntiCorruption", "src\NerdStore.Pagamentos.AntiCorruption\NerdStore.Pagamentos.AntiCorruption.csproj", "{342CE353-AA54-4BCA-BC67-6EA24BA14E58}"
EndProject
Project("{9A19103F-16F7-4668-BE54-9A1E7A4F7556}") = "NerdStore.Pagamentos.Business", "src\NerdStore.Pagamentos.Business\NerdStore.Pagamentos.Business.csproj", "{36F9B735-EC58-4D69-961A-B6FDDA8CEA4D}"
EndProject
Project("{9A19103F-16F7-4668-BE54-9A1E7A4F7556}") = "NerdStore.Pagamentos.Data", "src\NerdStore.Pagamentos.Data\NerdStore.Pagamentos.Data.csproj", "{63C5001D-20D2-4B55-8551-22B2E5C5A93E}"
EndProject
Project("{2150E333-8FDC-42A3-9474-1A3956D46DE8}") = "BuildingBlocks", "BuildingBlocks", "{0B17CFD4-0518-460A-9383-96BDFFF67CE9}"
EndProject
Project("{FAE04EC0-301F-11D3-BF4B-00C04F79EFBC}") = "EventSourcing", "src\EventSourcing\EventSourcing.csproj", "{D4B2AAD5-D1FF-433E-8CB1-AC0190AA6725}"
EndProject
Global
	GlobalSection(SolutionConfigurationPlatforms) = preSolution
		Debug|Any CPU = Debug|Any CPU
		Release|Any CPU = Release|Any CPU
	EndGlobalSection
	GlobalSection(ProjectConfigurationPlatforms) = postSolution
		{87831B49-3D7B-4A93-8B03-F7B320FD87FC}.Debug|Any CPU.ActiveCfg = Debug|Any CPU
		{87831B49-3D7B-4A93-8B03-F7B320FD87FC}.Debug|Any CPU.Build.0 = Debug|Any CPU
		{87831B49-3D7B-4A93-8B03-F7B320FD87FC}.Release|Any CPU.ActiveCfg = Release|Any CPU
		{87831B49-3D7B-4A93-8B03-F7B320FD87FC}.Release|Any CPU.Build.0 = Release|Any CPU
		{5AE4D16F-9337-4081-9D1A-EF03AFEDF7E2}.Debug|Any CPU.ActiveCfg = Debug|Any CPU
		{5AE4D16F-9337-4081-9D1A-EF03AFEDF7E2}.Debug|Any CPU.Build.0 = Debug|Any CPU
		{5AE4D16F-9337-4081-9D1A-EF03AFEDF7E2}.Release|Any CPU.ActiveCfg = Release|Any CPU
		{5AE4D16F-9337-4081-9D1A-EF03AFEDF7E2}.Release|Any CPU.Build.0 = Release|Any CPU
		{1E153E30-E2E7-4AB6-8B80-57687787BD6C}.Debug|Any CPU.ActiveCfg = Debug|Any CPU
		{1E153E30-E2E7-4AB6-8B80-57687787BD6C}.Debug|Any CPU.Build.0 = Debug|Any CPU
		{1E153E30-E2E7-4AB6-8B80-57687787BD6C}.Release|Any CPU.ActiveCfg = Release|Any CPU
		{1E153E30-E2E7-4AB6-8B80-57687787BD6C}.Release|Any CPU.Build.0 = Release|Any CPU
		{03E1D507-DBB7-4914-A6C6-B6372AD472A1}.Debug|Any CPU.ActiveCfg = Debug|Any CPU
		{03E1D507-DBB7-4914-A6C6-B6372AD472A1}.Debug|Any CPU.Build.0 = Debug|Any CPU
		{03E1D507-DBB7-4914-A6C6-B6372AD472A1}.Release|Any CPU.ActiveCfg = Release|Any CPU
		{03E1D507-DBB7-4914-A6C6-B6372AD472A1}.Release|Any CPU.Build.0 = Release|Any CPU
		{035359D5-AAD0-493C-8116-7F1BDADAAD7B}.Debug|Any CPU.ActiveCfg = Debug|Any CPU
		{035359D5-AAD0-493C-8116-7F1BDADAAD7B}.Debug|Any CPU.Build.0 = Debug|Any CPU
		{035359D5-AAD0-493C-8116-7F1BDADAAD7B}.Release|Any CPU.ActiveCfg = Release|Any CPU
		{035359D5-AAD0-493C-8116-7F1BDADAAD7B}.Release|Any CPU.Build.0 = Release|Any CPU
		{FB41E15D-AA89-424D-8720-EBC26EAA0DFD}.Debug|Any CPU.ActiveCfg = Debug|Any CPU
		{FB41E15D-AA89-424D-8720-EBC26EAA0DFD}.Debug|Any CPU.Build.0 = Debug|Any CPU
		{FB41E15D-AA89-424D-8720-EBC26EAA0DFD}.Release|Any CPU.ActiveCfg = Release|Any CPU
		{FB41E15D-AA89-424D-8720-EBC26EAA0DFD}.Release|Any CPU.Build.0 = Release|Any CPU
		{FAAA53A4-61A4-4CD6-AB41-249D09F50695}.Debug|Any CPU.ActiveCfg = Debug|Any CPU
		{FAAA53A4-61A4-4CD6-AB41-249D09F50695}.Debug|Any CPU.Build.0 = Debug|Any CPU
		{FAAA53A4-61A4-4CD6-AB41-249D09F50695}.Release|Any CPU.ActiveCfg = Release|Any CPU
		{FAAA53A4-61A4-4CD6-AB41-249D09F50695}.Release|Any CPU.Build.0 = Release|Any CPU
		{D18FCC9C-29E8-45A1-A4AC-FFB078FD85C3}.Debug|Any CPU.ActiveCfg = Debug|Any CPU
		{D18FCC9C-29E8-45A1-A4AC-FFB078FD85C3}.Debug|Any CPU.Build.0 = Debug|Any CPU
		{D18FCC9C-29E8-45A1-A4AC-FFB078FD85C3}.Release|Any CPU.ActiveCfg = Release|Any CPU
		{D18FCC9C-29E8-45A1-A4AC-FFB078FD85C3}.Release|Any CPU.Build.0 = Release|Any CPU
		{9D491B27-5F15-4CFE-B551-DBC0FFA2CE9F}.Debug|Any CPU.ActiveCfg = Debug|Any CPU
		{9D491B27-5F15-4CFE-B551-DBC0FFA2CE9F}.Debug|Any CPU.Build.0 = Debug|Any CPU
		{9D491B27-5F15-4CFE-B551-DBC0FFA2CE9F}.Release|Any CPU.ActiveCfg = Release|Any CPU
		{9D491B27-5F15-4CFE-B551-DBC0FFA2CE9F}.Release|Any CPU.Build.0 = Release|Any CPU
		{342CE353-AA54-4BCA-BC67-6EA24BA14E58}.Debug|Any CPU.ActiveCfg = Debug|Any CPU
		{342CE353-AA54-4BCA-BC67-6EA24BA14E58}.Debug|Any CPU.Build.0 = Debug|Any CPU
		{342CE353-AA54-4BCA-BC67-6EA24BA14E58}.Release|Any CPU.ActiveCfg = Release|Any CPU
		{342CE353-AA54-4BCA-BC67-6EA24BA14E58}.Release|Any CPU.Build.0 = Release|Any CPU
		{36F9B735-EC58-4D69-961A-B6FDDA8CEA4D}.Debug|Any CPU.ActiveCfg = Debug|Any CPU
		{36F9B735-EC58-4D69-961A-B6FDDA8CEA4D}.Debug|Any CPU.Build.0 = Debug|Any CPU
		{36F9B735-EC58-4D69-961A-B6FDDA8CEA4D}.Release|Any CPU.ActiveCfg = Release|Any CPU
		{36F9B735-EC58-4D69-961A-B6FDDA8CEA4D}.Release|Any CPU.Build.0 = Release|Any CPU
		{63C5001D-20D2-4B55-8551-22B2E5C5A93E}.Debug|Any CPU.ActiveCfg = Debug|Any CPU
		{63C5001D-20D2-4B55-8551-22B2E5C5A93E}.Debug|Any CPU.Build.0 = Debug|Any CPU
		{63C5001D-20D2-4B55-8551-22B2E5C5A93E}.Release|Any CPU.ActiveCfg = Release|Any CPU
		{63C5001D-20D2-4B55-8551-22B2E5C5A93E}.Release|Any CPU.Build.0 = Release|Any CPU
		{D4B2AAD5-D1FF-433E-8CB1-AC0190AA6725}.Debug|Any CPU.ActiveCfg = Debug|Any CPU
		{D4B2AAD5-D1FF-433E-8CB1-AC0190AA6725}.Debug|Any CPU.Build.0 = Debug|Any CPU
		{D4B2AAD5-D1FF-433E-8CB1-AC0190AA6725}.Release|Any CPU.ActiveCfg = Release|Any CPU
		{D4B2AAD5-D1FF-433E-8CB1-AC0190AA6725}.Release|Any CPU.Build.0 = Release|Any CPU
	EndGlobalSection
	GlobalSection(SolutionProperties) = preSolution
		HideSolutionNode = FALSE
	EndGlobalSection
	GlobalSection(NestedProjects) = preSolution
		{2EFCA1F0-48B7-45F3-836C-F6AA260E666F} = {E6E3E1DC-FCD4-472C-989C-AEDE1A368AD7}
		{156D3DA0-982F-4EA4-A5D4-8BCDF62398D7} = {E6E3E1DC-FCD4-472C-989C-AEDE1A368AD7}
		{53736D4C-7978-477C-908E-51BD73A7E8CD} = {E6E3E1DC-FCD4-472C-989C-AEDE1A368AD7}
		{CFBA4855-0A2F-4B71-A8C4-236A02573AEA} = {E6E3E1DC-FCD4-472C-989C-AEDE1A368AD7}
		{45571192-7F8A-486F-BF91-D5BC831E9B1A} = {E6E3E1DC-FCD4-472C-989C-AEDE1A368AD7}
		{4374722C-0074-4FEA-AFB6-95574DFF17C2} = {E6E3E1DC-FCD4-472C-989C-AEDE1A368AD7}
		{87831B49-3D7B-4A93-8B03-F7B320FD87FC} = {156D3DA0-982F-4EA4-A5D4-8BCDF62398D7}
		{5AE4D16F-9337-4081-9D1A-EF03AFEDF7E2} = {53736D4C-7978-477C-908E-51BD73A7E8CD}
		{EA1A8FDA-0C76-490B-837C-36BE728D2CDA} = {156D3DA0-982F-4EA4-A5D4-8BCDF62398D7}
		{1E153E30-E2E7-4AB6-8B80-57687787BD6C} = {EA1A8FDA-0C76-490B-837C-36BE728D2CDA}
		{03E1D507-DBB7-4914-A6C6-B6372AD472A1} = {156D3DA0-982F-4EA4-A5D4-8BCDF62398D7}
		{035359D5-AAD0-493C-8116-7F1BDADAAD7B} = {156D3DA0-982F-4EA4-A5D4-8BCDF62398D7}
		{FB41E15D-AA89-424D-8720-EBC26EAA0DFD} = {60A339DE-3BCA-487E-8920-2A0002ECAA7A}
		{FAAA53A4-61A4-4CD6-AB41-249D09F50695} = {4374722C-0074-4FEA-AFB6-95574DFF17C2}
		{D18FCC9C-29E8-45A1-A4AC-FFB078FD85C3} = {4374722C-0074-4FEA-AFB6-95574DFF17C2}
		{9D491B27-5F15-4CFE-B551-DBC0FFA2CE9F} = {4374722C-0074-4FEA-AFB6-95574DFF17C2}
		{342CE353-AA54-4BCA-BC67-6EA24BA14E58} = {45571192-7F8A-486F-BF91-D5BC831E9B1A}
		{36F9B735-EC58-4D69-961A-B6FDDA8CEA4D} = {45571192-7F8A-486F-BF91-D5BC831E9B1A}
		{63C5001D-20D2-4B55-8551-22B2E5C5A93E} = {45571192-7F8A-486F-BF91-D5BC831E9B1A}
		{D4B2AAD5-D1FF-433E-8CB1-AC0190AA6725} = {0B17CFD4-0518-460A-9383-96BDFFF67CE9}
	EndGlobalSection
	GlobalSection(ExtensibilityGlobals) = postSolution
		SolutionGuid = {53C24DE5-8F99-4A59-888E-3E1E172D8114}
	EndGlobalSection
EndGlobal
